{
    "_meta": {
        "hash": {
            "sha256": "a1b0debd6bcff7782de5df7de839edb2d814c07e272b84a417bed36de98fc1f7"
        },
        "pipfile-spec": 6,
        "requires": {
            "python_version": "3.12"
        },
        "sources": [
            {
                "name": "pypi",
                "url": "https://pypi.org/simple",
                "verify_ssl": true
            }
        ]
    },
    "default": {
        "cupy": {
            "hashes": [
                "sha256:9654730da3f7122ba3fe99ce951247e299f3f9c23449a884ba9914444845f0cd"
            ],
            "index": "pypi",
            "markers": "python_version >= '3.9'",
            "version": "==13.4.1"
        },
        "fastrlock": {
            "hashes": [
                "sha256:001fd86bcac78c79658bac496e8a17472d64d558cd2227fdc768aa77f877fe40",
                "sha256:04bb5eef8f460d13b8c0084ea5a9d3aab2c0573991c880c0a34a56bb14951d30",
                "sha256:05029d7080c0c61a81d5fee78e842c9a1bf22552cd56129451a252655290dcef",
                "sha256:0a9dc6fa73174f974dfb22778d05a44445b611a41d5d3776b0d5daa9e50225c6",
                "sha256:0d6a77b3f396f7d41094ef09606f65ae57feeb713f4285e8e417f4021617ca62",
                "sha256:0ea4e53a04980d646def0f5e4b5e8bd8c7884288464acab0b37ca0c65c482bfe",
                "sha256:15e13a8b01a3bbf25f1615a6ac1d6ed40ad3bcb8db134ee5ffa7360214a8bc5c",
                "sha256:1dd7f1520f7424793c812e1a4090570f8ff312725dbaf10a925b688aef7425f1",
                "sha256:1fced4cb0b3f1616be68092b70a56e9173713a4a943d02e90eb9c7897a7b5e07",
                "sha256:239e85cbebda16f14be92468ce648d0bc25e2442a3d11818deca59a7c43a4416",
                "sha256:24522689f4b5311afad0c8f998daec84a3dbe3a70cf821a615a763f843903030",
                "sha256:2a83d558470c520ed21462d304e77a12639859b205759221c8144dd2896b958a",
                "sha256:314e787532ce555a7362d3c438f0a680cd88a82c69b655e7181a4dd5e67712f5",
                "sha256:33e6fa4af4f3af3e9c747ec72d1eadc0b7ba2035456c2afb51c24d9e8a56f8fd",
                "sha256:350f517a7d22d383f8ef76652b0609dc79de6693880a99bafc8a05c100e8c5e7",
                "sha256:38340f6635bd4ee2a4fb02a3a725759fe921f2ca846cb9ca44531ba739cc17b4",
                "sha256:387b2ac642938a20170a50f528817026c561882ea33306c5cbe750ae10d0a7c2",
                "sha256:3df8514086e16bb7c66169156a8066dc152f3be892c7817e85bf09a27fa2ada2",
                "sha256:3e77a3d0ca5b29695d86b7d03ea88029c0ed8905cfee658eb36052df3861855a",
                "sha256:40b328369005a0b32de14b699192aed32f549c2d2b27a5e1f614fb7ac4cec4e9",
                "sha256:45055702fe9bff719cdc62caa849aa7dbe9e3968306025f639ec62ef03c65e88",
                "sha256:494fc374afd0b6c7281c87f2ded9607c2731fc0057ec63bd3ba4451e7b7cb642",
                "sha256:4a98ba46b3e14927550c4baa36b752d0d2f7387b8534864a8767f83cce75c160",
                "sha256:4af6734d92eaa3ab4373e6c9a1dd0d5ad1304e172b1521733c6c3b3d73c8fa5d",
                "sha256:5264088185ca8e6bc83181dff521eee94d078c269c7d557cc8d9ed5952b7be45",
                "sha256:558b538221e9c5502bb8725a1f51157ec38467a20498212838e385807e4d1b89",
                "sha256:55d42f6286b9d867370af4c27bc70d04ce2d342fe450c4a4fcce14440514e695",
                "sha256:5a0d31840a28d66573047d2df410eb971135a2461fb952894bf51c9533cbfea5",
                "sha256:5e5f1665d8e70f4c5b4a67f2db202f354abc80a321ce5a26ac1493f055e3ae2c",
                "sha256:5eef1d32d7614e0ceb6db198cf53df2a5830685cccbcf141a3e116faca967384",
                "sha256:5f13ec08f1adb1aa916c384b05ecb7dbebb8df9ea81abd045f60941c6283a670",
                "sha256:668fad1c8322badbc8543673892f80ee563f3da9113e60e256ae9ddd5b23daa4",
                "sha256:6cbfb6f7731b5a280851c93883624424068fa5b22c2f546d8ae6f1fd9311e36d",
                "sha256:767ec79b7f6ed9b9a00eb9ff62f2a51f56fdb221c5092ab2dadec34a9ccbfc6e",
                "sha256:77ab8a98417a1f467dafcd2226718f7ca0cf18d4b64732f838b8c2b3e4b55cb5",
                "sha256:7a77ebb0a24535ef4f167da2c5ee35d9be1e96ae192137e9dc3ff75b8dfc08a5",
                "sha256:80876d9e04e8e35abbdb3e1a81a56558f4d5cf90c8592e428d4d12efce048347",
                "sha256:85a49a1f1e020097d087e1963e42cea6f307897d5ebe2cb6daf4af47ffdd3eed",
                "sha256:8c9d459ce344c21ff03268212a1845aa37feab634d242131bc16c2a2355d5f65",
                "sha256:8cb2cf04352ea8575d496f31b3b88c42c7976e8e58cdd7d1550dfba80ca039da",
                "sha256:8d1d6a28291b4ace2a66bd7b49a9ed9c762467617febdd9ab356b867ed901af8",
                "sha256:924abbf21eba69c1b35c04278f3ca081e8de1ef5933355756e86e05499123238",
                "sha256:92577ff82ef4a94c5667d6d2841f017820932bc59f31ffd83e4a2c56c1738f90",
                "sha256:963123bafc41c9fba72e57145917a3f23086b5d631b6cda9cf858c428a606ff9",
                "sha256:9842b7722e4923fe76b08d8c58a9415a9a50d4c29b80673cffeae4874ea6626a",
                "sha256:9c2c24856d2adc60ab398780f7b7cd8a091e4bd0c0e3bb3e67f12bef2800f377",
                "sha256:9c4068f21fddc47393a3526ce95b180a2f4e1ac286db8d9e59e56771da50c815",
                "sha256:a0eadc772353cfa464b34c814b2a97c4f3c0ba0ed7b8e1c2e0ad3ebba84bf8e0",
                "sha256:a8fd6727c1e0952ba93fdc5975753781039772be6c1a3911a3afc87b53460dc0",
                "sha256:ac4fcc9b43160f7f64b49bd7ecfd129faf0793c1c8c6f0f56788c3bacae7f54a",
                "sha256:accd897ab2799024bb87b489c0f087d6000b89af1f184a66e996d3d96a025a3b",
                "sha256:b6ac082d670e195ad53ec8d0c5d2e87648f8838b0d48f7d44a6e696b8a9528e2",
                "sha256:bbbe31cb60ec32672969651bf68333680dacaebe1a1ec7952b8f5e6e23a70aa5",
                "sha256:bbc3bf96dcbd68392366c477f78c9d5c47e5d9290cb115feea19f20a43ef6d05",
                "sha256:c6e5bfecbc0d72ff07e43fed81671747914d6794e0926700677ed26d894d4f4f",
                "sha256:cc5fa9166e05409f64a804d5b6d01af670979cdb12cd2594f555cb33cdc155bd",
                "sha256:cdee8c02c20a0b17dbc52f54c48ede3bd421985e5d9cef5cd2136b14da967996",
                "sha256:d3ebb29de71bf9e330c2769c34a6b5e69d560126f02994e6c09635a2784f6de3",
                "sha256:d51f7fb0db8dab341b7f03a39a3031678cf4a98b18533b176c533c122bfce47d",
                "sha256:d7edaf0071a6a98340fc2ec45b0ba37b7a16ed7761479aab577e41e09b3565e1",
                "sha256:d7f359bb989c01a5875e8dbde9acab37b9da0943b60ef97ba9887c4598eb3009",
                "sha256:da06d43e1625e2ffddd303edcd6d2cd068e1c486f5fd0102b3f079c44eb13e2c",
                "sha256:da53350b90a67d5431df726816b041f1f96fd558ad6e2fc64948e13be3c7c29a",
                "sha256:dbdea6deeccea1917c6017d353987231c4e46c93d5338ca3e66d6cd88fbce259",
                "sha256:de8c90c1a23fbe929d8a9628a6c1f0f1d8af6019e786354a682a26fa22ea21be",
                "sha256:e0ceefadde046a5f6a261bfeaf25de9e0eba3ee790a9795b1fa9634111d3220e",
                "sha256:f2b84b2fe858e64946e54e0e918b8a0e77fc7b09ca960ae1e50a130e8fbc9af8",
                "sha256:f68c551cf8a34b6460a3a0eba44bd7897ebfc820854e19970c52a76bf064a59f",
                "sha256:fcb50e195ec981c92d0211a201704aecbd9e4f9451aea3a6f71ac5b1ec2c98cf"
            ],
            "version": "==0.8.3"
        },
        "numpy": {
            "hashes": [
                "sha256:05c076d531e9998e7e694c36e8b349969c56eadd2cdcd07242958489d79a7286",
                "sha256:0d54974f9cf14acf49c60f0f7f4084b6579d24d439453d5fc5805d46a165b542",
                "sha256:11c43995255eb4127115956495f43e9343736edb7fcdb0d973defd9de14cd84f",
                "sha256:188dcbca89834cc2e14eb2f106c96d6d46f200fe0200310fc29089657379c58d",
                "sha256:1974afec0b479e50438fc3648974268f972e2d908ddb6d7fb634598cdb8260a0",
                "sha256:1cf4e5c6a278d620dee9ddeb487dc6a860f9b199eadeecc567f777daace1e9e7",
                "sha256:207a2b8441cc8b6a2a78c9ddc64d00d20c303d79fba08c577752f080c4007ee3",
                "sha256:218f061d2faa73621fa23d6359442b0fc658d5b9a70801373625d958259eaca3",
                "sha256:2aad3c17ed2ff455b8eaafe06bcdae0062a1db77cb99f4b9cbb5f4ecb13c5146",
                "sha256:2fa8fa7697ad1646b5c93de1719965844e004fcad23c91228aca1cf0800044a1",
                "sha256:31504f970f563d99f71a3512d0c01a645b692b12a63630d6aafa0939e52361e6",
                "sha256:3387dd7232804b341165cedcb90694565a6015433ee076c6754775e85d86f1fc",
                "sha256:4ba5054787e89c59c593a4169830ab362ac2bee8a969249dc56e5d7d20ff8df9",
                "sha256:4f92084defa704deadd4e0a5ab1dc52d8ac9e8a8ef617f3fbb853e79b0ea3592",
                "sha256:65ef3468b53269eb5fdb3a5c09508c032b793da03251d5f8722b1194f1790c00",
                "sha256:6f527d8fdb0286fd2fd97a2a96c6be17ba4232da346931d967a0630050dfd298",
                "sha256:7051ee569db5fbac144335e0f3b9c2337e0c8d5c9fee015f259a5bd70772b7e8",
                "sha256:7716e4a9b7af82c06a2543c53ca476fa0b57e4d760481273e09da04b74ee6ee2",
                "sha256:79bd5f0a02aa16808fcbc79a9a376a147cc1045f7dfe44c6e7d53fa8b8a79392",
                "sha256:7a4e84a6283b36632e2a5b56e121961f6542ab886bc9e12f8f9818b3c266bfbb",
                "sha256:8120575cb4882318c791f839a4fd66161a6fa46f3f0a5e613071aae35b5dd8f8",
                "sha256:81413336ef121a6ba746892fad881a83351ee3e1e4011f52e97fba79233611fd",
                "sha256:8146f3550d627252269ac42ae660281d673eb6f8b32f113538e0cc2a9aed42b9",
                "sha256:879cf3a9a2b53a4672a168c21375166171bc3932b7e21f622201811c43cdd3b0",
                "sha256:892c10d6a73e0f14935c31229e03325a7b3093fafd6ce0af704be7f894d95687",
                "sha256:92bda934a791c01d6d9d8e038363c50918ef7c40601552a58ac84c9613a665bc",
                "sha256:9ba03692a45d3eef66559efe1d1096c4b9b75c0986b5dff5530c378fb8331d4f",
                "sha256:9eeea959168ea555e556b8188da5fa7831e21d91ce031e95ce23747b7609f8a4",
                "sha256:a0258ad1f44f138b791327961caedffbf9612bfa504ab9597157806faa95194a",
                "sha256:a761ba0fa886a7bb33c6c8f6f20213735cb19642c580a931c625ee377ee8bd39",
                "sha256:a7b9084668aa0f64e64bd00d27ba5146ef1c3a8835f3bd912e7a9e01326804c4",
                "sha256:a84eda42bd12edc36eb5b53bbcc9b406820d3353f1994b6cfe453a33ff101775",
                "sha256:ab2939cd5bec30a7430cbdb2287b63151b77cf9624de0532d629c9a1c59b1d5c",
                "sha256:ac0280f1ba4a4bfff363a99a6aceed4f8e123f8a9b234c89140f5e894e452ecd",
                "sha256:adf8c1d66f432ce577d0197dceaac2ac00c0759f573f28516246351c58a85020",
                "sha256:b4adfbbc64014976d2f91084915ca4e626fbf2057fb81af209c1a6d776d23e3d",
                "sha256:bb649f8b207ab07caebba230d851b579a3c8711a851d29efe15008e31bb4de24",
                "sha256:bce43e386c16898b91e162e5baaad90c4b06f9dcbe36282490032cec98dc8ae7",
                "sha256:bd3ad3b0a40e713fc68f99ecfd07124195333f1e689387c180813f0e94309d6f",
                "sha256:c3f7ac96b16955634e223b579a3e5798df59007ca43e8d451a0e6a50f6bfdfba",
                "sha256:cf28633d64294969c019c6df4ff37f5698e8326db68cc2b66576a51fad634880",
                "sha256:d0f35b19894a9e08639fd60a1ec1978cb7f5f7f1eace62f38dd36be8aecdef4d",
                "sha256:db1f1c22173ac1c58db249ae48aa7ead29f534b9a948bc56828337aa84a32ed6",
                "sha256:dbe512c511956b893d2dacd007d955a3f03d555ae05cfa3ff1c1ff6df8851854",
                "sha256:df2f57871a96bbc1b69733cd4c51dc33bea66146b8c63cacbfed73eec0883017",
                "sha256:e2f085ce2e813a50dfd0e01fbfc0c12bbe5d2063d99f8b29da30e544fb6483b8",
                "sha256:e642d86b8f956098b564a45e6f6ce68a22c2c97a04f5acd3f221f57b8cb850ae",
                "sha256:e9e0a277bb2eb5d8a7407e14688b85fd8ad628ee4e0c7930415687b6564207a4",
                "sha256:ea2bb7e2ae9e37d96835b3576a4fa4b3a97592fbea8ef7c3587078b0068b8f09",
                "sha256:ee4d528022f4c5ff67332469e10efe06a267e32f4067dc76bb7e2cddf3cd25ff",
                "sha256:f05d4198c1bacc9124018109c5fba2f3201dbe7ab6e92ff100494f236209c960",
                "sha256:f34dc300df798742b3d06515aa2a0aee20941c13579d7a2f2e10af01ae4901ee",
                "sha256:f4162988a360a29af158aeb4a2f4f09ffed6a969c9776f8f3bdee9b06a8ab7e5",
                "sha256:f486038e44caa08dbd97275a9a35a283a8f1d2f0ee60ac260a1790e76660833c",
                "sha256:f7de08cbe5551911886d1ab60de58448c6df0f67d9feb7d1fb21e9875ef95e91"
            ],
            "markers": "python_version >= '3.10'",
            "version": "==2.2.4"
        },
        "pygame": {
            "hashes": [
                "sha256:00827aba089355925902d533f9c41e79a799641f03746c50a374dc5c3362e43d",
                "sha256:10e3d2a55f001f6c0a6eb44aa79ea7607091c9352b946692acedb2ac1482f1c9",
                "sha256:1206125f14cae22c44565c9d333607f1d9f59487b1f1432945dfc809aeaa3e88",
                "sha256:14f9dda45469b254c0f15edaaeaa85d2cc072ff6a83584a265f5d684c7f7efd8",
                "sha256:15efaa11a80a65dd589a95bebe812fa5bfc7e14946b638a424c5bd9ac6cca1a4",
                "sha256:163e66de169bd5670c86e27d0b74aad0d2d745e3b63cf4e7eb5b2bff1231ca8d",
                "sha256:173badf82fa198e6888017bea40f511cb28e69ecdd5a72b214e81e4dcd66c3b1",
                "sha256:17498a2b043bc0e795faedef1b081199c688890200aef34991c1941caa2d2c89",
                "sha256:20349195326a5e82a16e351ed93465a7845a7e2a9af55b7bc1b2110ea3e344e1",
                "sha256:21160d9093533eb831f1b708e630706e5ac16b30750571ec27bc3b8364814f38",
                "sha256:27eb17e3dc9640e4b4683074f1890e2e879827447770470c2aba9f125f74510b",
                "sha256:28b43190436037e428a5be28fc80cf6615304fd528009f2c688cc828f4ff104b",
                "sha256:2a3a1288e2e9b1e5834e425bedd5ba01a3cd4902b5c2bff8ed4a740ccfe98171",
                "sha256:2a615d78b2364e86f541458ff41c2a46181b9a1e9eabd97b389282fdf04efbb3",
                "sha256:325a84d072d52e3c2921eff02f87c6a74b7e77d71db3bdf53801c6c975f1b6c4",
                "sha256:33006f784e1c7d7e466fcb61d5489da59cc5f7eb098712f792a225df1d4e229d",
                "sha256:3a9e7396be0d9633831c3f8d5d82dd63ba373ad65599628294b7a4f8a5a01a65",
                "sha256:3acd8c009317190c2bfd81db681ecef47d5eb108c2151d09596d9c7ea9df5c0e",
                "sha256:3bede70ec708057e305815d6546012669226d1d80566785feca9b044216062e7",
                "sha256:481cfe1bdbb7fe00acc5950c494c26f00240888619bdc396fc8c39a734797432",
                "sha256:4a8ea113b1bf627322a025a1a5a87e3818a7f55ab3a4077ff1ae5c8c60576614",
                "sha256:4c1623180e70a03c4a734deb9bac50fc9c82942ae84a3a220779062128e75f3b",
                "sha256:4ee7f2771f588c966fa2fa8b829be26698c9b4836f82ede5e4edc1a68594942e",
                "sha256:56fb02ead529cee00d415c3e007f75e0780c655909aaa8e8bf616ee09c9feb1f",
                "sha256:56ffca6059b165bbf64f4b4be23b8068f6a0e220780e4f96ec0bb5ac3c63ec39",
                "sha256:5d09fd950725d187aa5207c0cb8eb9ab0d2f8ce9ab8d189c30eeb470e71b617e",
                "sha256:6582aa71a681e02e55d43150a9ab41394e6bf4d783d2962a10aea58f424be060",
                "sha256:7103c60939bbc1e05cfc7ba3f1d2ad3bbf103b7828b82a7166a9ab6f51950146",
                "sha256:7bffdd3eaf394d9645331d1c3a5df9d782ebcc3c5a78f3b657c7879a828dd111",
                "sha256:811e7b925146d8149d79193652cbb83e0eca0aae66476b1cb310f0f4226b8b5c",
                "sha256:813af4fba5d0b2cb8e58f5d95f7910295c34067dcc290d34f1be59c48bd1ea6a",
                "sha256:816e85000c5d8b02a42b9834f761a5925ef3377d2924e3a7c4c143d2990ce5b8",
                "sha256:818b4eaec9c4acb6ac64805d4ca8edd4062bebca77bd815c18739fe2842c97e9",
                "sha256:84fc4054e25262140d09d39e094f6880d730199710829902f0d8ceae0213379e",
                "sha256:8a78fd030d98faab4a8e27878536fdff7518d3e062a72761c552f624ebba5a5f",
                "sha256:91476902426facd4bb0dad4dc3b2573bc82c95c71b135e0daaea072ed528d299",
                "sha256:94afd1177680d92f9214c54966ad3517d18210c4fbc5d84a0192d218e93647e0",
                "sha256:97ac4e13847b6b293ecaffa5ffce9886c98d09c03309406931cc592f0cea6366",
                "sha256:9beeb647e555afb5657111fa83acb74b99ad88761108eaea66472e8b8547b55b",
                "sha256:9dd5c054d4bd875a8caf978b82672f02bec332f52a833a76899220c460bb4b58",
                "sha256:a1bf7ab5311bbced70320f1a56701650b4c18231343ae5af42111eea91e0949a",
                "sha256:a4b8f04fceddd9a3ac30778d11f0254f59efcd1c382d5801271113cea8b4f2f3",
                "sha256:a620883d589926f157b8f1d1f543183ac52e5c30507dea445e3927ae0bee1c54",
                "sha256:ac3f033d2be4a9e23660a96afe2986df3a6916227538a6a0061bc218c5088507",
                "sha256:ae6039f3a55d800db80e8010f387557b528d34d534435e0871326804df2a62f2",
                "sha256:b46e68cd168f44d0224c670bb72186688fc692d7079715f79d04096757d703d0",
                "sha256:b7f9f8e6f76de36f4725175d686601214af362a4f30614b4dae2240198e72e6f",
                "sha256:bbb7167c92103a2091366e9af26d4914ba3776666e8677d3c93551353fffa626",
                "sha256:c0b11356ac96261162d54a2c2b41a41978f00525631b01ec9c4fe26b01c66595",
                "sha256:c31dbdb5d0217f32764797d21c2752e258e5fb7e895326538d82b5f75a0cd856",
                "sha256:c47a6938de93fa610accd4969e638c2aebcb29b2fca518a84c3a39d91ab47116",
                "sha256:c8040ea2ab18c6b255af706ec01355c8a6b08dc48d77fd4ee783f8fc46a843bf",
                "sha256:ce8cc108b92de9b149b344ad2e25eedbe773af0dc41dfb24d1f07f679b558c60",
                "sha256:d1a7f2b66ac2e4c9583b6d4c6d6f346fb10a3392c04163f537061f86a448ed5c",
                "sha256:d29eb9a93f12aa3d997b6e3c447ac85b2a4b142ab2548441523a8fcf5e216042",
                "sha256:da3ad64d685f84a34ebe5daacb39fff14f1251acb34c098d760d63fee768f50c",
                "sha256:ef07c0103d79492c21fced9ad68c11c32efa6801ca1920ebfd0f15fb46c78b1c",
                "sha256:f3935459109da4bb0b3901da9904f0a3e52028a3332a355d298b1673a334cf21",
                "sha256:f84f15d146d6aa93254008a626c56ef96fed276006202881a47b29757f0cd65a",
                "sha256:fb6e8d0547f30ddc845f4fd1e33070ef548233ad0dbf21f7ecea768883d1bbdc"
            ],
            "index": "pypi",
            "markers": "python_version >= '3.6'",
            "version": "==2.6.1"
        }
    },
    "develop": {}
}
